{
  "name": "questionnaire_positionnement",
  "lockfileVersion": 3,
  "requires": true,
  "packages": {
    "": {
      "dependencies": {
        "survey-core": "^3.2.0",
        "survey-creator-core": "^3.2.0",
        "survey-creator-js": "^3.2.0",
        "survey-js-ui": "^3.2.0"
      }
    },
    "node_modules/@types/react": {
      "version": "19.3.0",
      "resolved": "https://registry.npmjs.org/@types/react/-/react-19.3.0.tgz",
      "integrity": "sha512-N0rFCuH9YoxG9/m61l9MfpJKfmLOVU0em7ipIz6TRgSSkvReLB9vL85GB+yr8Bs5leqpvg96JSwF4ZS1s4viQg==",
      "license": "MIT",
      "peer": true,
      "dependencies": {
        "csstype": "^3.2.2"
      }
    },
    "node_modules/@types/react-dom": {
      "version": "19.3.0",
      "resolved": "https://registry.npmjs.org/@types/react-dom/-/react-dom-19.3.0.tgz",
      "integrity": "sha512-ZI7bU42mZXXKHn/qNLEw2IrbiINU7X5+vfgdixBHkCNpYWXjKgfQ/P+uyGb5CjOLB9UcnTeg3rylQtV2hym44Q==",
      "license": "MIT",
      "peer": true,
      "peerDependencies": {
        "@types/react": "^19.3.0"
      }
    },
    "node_modules/csstype": {
      "version": "3.2.3",
      "resolved": "https://registry.npmjs.org/csstype/-/csstype-3.2.3.tgz",
      "integrity": "sha512-z1HGKcYy2xA8AGQfwrn0PAy+PB7X/GSj3UVJW9qKyn43xWa+gl5nXmU4qqLMRzWVLFC8KusUX8T/0kCiOYpAIQ==",
      "license": "MIT",
      "peer": true
    },
    "node_modules/survey-core": {
      "version": "3.2.0",
      "resolved": "https://registry.npmjs.org/survey-core/-/survey-core-3.2.0.tgz",
      "integrity": "sha512-51l6VNczicCmuTIzi6wS7ooM4SUYu3ahio72nApFBav/sIjqNwHjwbprOfdimr36DUFilHpWek9qOEaNoelgdQ==",
      "license": "MIT"
    },
    "node_modules/survey-creator-core": {
      "version": "3.2.0",
      "resolved": "https://registry.npmjs.org/survey-creator-core/-/survey-creator-core-3.2.0.tgz",
      "integrity": "sha512-4OaUooOZ5y3dX0zqQecK7v+UeB/qgu0xh58xDPNd6NjqbRLBWdNbFD2w+ATh+SLZsdLLxqdQ6GV7p6G8/k5eIg==",
      "license": "SEE LICENSE IN LICENSE",
      "engines": {
        "node": ">=0.10.0"
      },
      "peerDependencies": {
        "ace-builds": "^1.4.12",
        "survey-core": "3.2.0"
      },
      "peerDependenciesMeta": {
        "ace-builds": {
          "optional": true
        }
      }
    },
    "node_modules/survey-creator-js": {
      "version": "3.2.0",
      "resolved": "https://registry.npmjs.org/survey-creator-js/-/survey-creator-js-3.2.0.tgz",
      "integrity": "sha512-MqrgnBlEO+K20UzgAMPPjcWbiObgvsCMoGgnZ2vxlORgHo6oLrUNkV7itlWakmpu9z3b5JiIeNoAm5qu1BE7Cw==",
      "license": "SEE LICENSE IN LICENSE",
      "engines": {
        "node": ">=0.10.0"
      },
      "peerDependencies": {
        "@types/react": "*",
        "@types/react-dom": "*",
        "ace-builds": "^1.4.12",
        "survey-core": "3.2.0",
        "survey-creator-core": "3.2.0",
        "survey-js-ui": "3.2.0"
      },
      "peerDependenciesMeta": {
        "ace-builds": {
          "optional": true
        }
      }
    },
    "node_modules/survey-js-ui": {
      "version": "3.2.0",
      "resolved": "https://registry.npmjs.org/survey-js-ui/-/survey-js-ui-3.2.0.tgz",
      "integrity": "sha512-0G83bLE85J4KMnTrp0RSCNbGMoX+lYx6dCseDJfTZT6KxEHrsRUSXzptD5OW31rvLVRFZvNVF/jT/NE5bK1DLQ==",
      "license": "MIT",
      "peerDependencies": {
        "@types/react": "*",
        "@types/react-dom": "*",
        "survey-core": "3.2.0"
      }
    }
  }
}
